// !$*UTF8*$!
{
	archiveVersion = 1;
	classes = {
	};
	objectVersion = 46;
	objects = {

/* Begin PBXBuildFile section */
		5EC1E92A1F06B31B005B291A /* main.m in Sources */ = {isa = PBXBuildFile; fileRef = 5EC1E9291F06B31B005B291A /* main.m */; };
		5EC1E92D1F06B31B005B291A /* AppDelegate.m in Sources */ = {isa = PBXBuildFile; fileRef = 5EC1E92C1F06B31B005B291A /* AppDelegate.m */; };
		5EC1E9331F06B31B005B291A /* Main.storyboard in Resources */ = {isa = PBXBuildFile; fileRef = 5EC1E9311F06B31B005B291A /* Main.storyboard */; };
		5EC1E9351F06B31B005B291A /* Assets.xcassets in Resources */ = {isa = PBXBuildFile; fileRef = 5EC1E9341F06B31B005B291A /* Assets.xcassets */; };
		5EC1E9381F06B31B005B291A /* LaunchScreen.storyboard in Resources */ = {isa = PBXBuildFile; fileRef = 5EC1E9361F06B31B005B291A /* LaunchScreen.storyboard */; };
		5EC1E9411F06B354005B291A /* HomeController.m in Sources */ = {isa = PBXBuildFile; fileRef = 5EC1E9401F06B354005B291A /* HomeController.m */; };
		5EC1E94F1F06DB72005B291A /* VideoCell.m in Sources */ = {isa = PBXBuildFile; fileRef = 5EC1E94D1F06DB72005B291A /* VideoCell.m */; };
		5EC1E9501F06DB72005B291A /* VideoCell.xib in Resources */ = {isa = PBXBuildFile; fileRef = 5EC1E94E1F06DB72005B291A /* VideoCell.xib */; };
		5EC1E99E1F09489D005B291A /* Extension-UIColor.m in Sources */ = {isa = PBXBuildFile; fileRef = 5EC1E99D1F09489D005B291A /* Extension-UIColor.m */; };
		5EC1E9A41F0965DD005B291A /* MenuBar.m in Sources */ = {isa = PBXBuildFile; fileRef = 5EC1E9A31F0965DD005B291A /* MenuBar.m */; };
		5EC1E9AD1F0B0C43005B291A /* MenuCell.m in Sources */ = {isa = PBXBuildFile; fileRef = 5EC1E9AB1F0B0C43005B291A /* MenuCell.m */; };
		5EC1E9AE1F0B0C43005B291A /* MenuCell.xib in Resources */ = {isa = PBXBuildFile; fileRef = 5EC1E9AC1F0B0C43005B291A /* MenuCell.xib */; };
		5EC1E9B11F0D9A39005B291A /* Video.m in Sources */ = {isa = PBXBuildFile; fileRef = 5EC1E9B01F0D9A39005B291A /* Video.m */; };
		5EC1E9B41F0DA7E7005B291A /* Channel.m in Sources */ = {isa = PBXBuildFile; fileRef = 5EC1E9B31F0DA7E7005B291A /* Channel.m */; };
		5EC1E9C11F110DAD005B291A /* SettingsLuncher.m in Sources */ = {isa = PBXBuildFile; fileRef = 5EC1E9C01F110DAD005B291A /* SettingsLuncher.m */; };
		5EC1E9C51F113DD9005B291A /* SettingsCell.m in Sources */ = {isa = PBXBuildFile; fileRef = 5EC1E9C31F113DD9005B291A /* SettingsCell.m */; };
		5EC1E9C61F113DD9005B291A /* SettingsCell.xib in Resources */ = {isa = PBXBuildFile; fileRef = 5EC1E9C41F113DD9005B291A /* SettingsCell.xib */; };
		5EC1E9C91F114197005B291A /* Setting.m in Sources */ = {isa = PBXBuildFile; fileRef = 5EC1E9C81F114197005B291A /* Setting.m */; };
/* End PBXBuildFile section */

/* Begin PBXFileReference section */
		5EC1E9251F06B31B005B291A /* SimpleYouTube.app */ = {isa = PBXFileReference; explicitFileType = wrapper.application; includeInIndex = 0; path = SimpleYouTube.app; sourceTree = BUILT_PRODUCTS_DIR; };
		5EC1E9291F06B31B005B291A /* main.m */ = {isa = PBXFileReference; lastKnownFileType = sourcecode.c.objc; path = main.m; sourceTree = "<group>"; };
		5EC1E92B1F06B31B005B291A /* AppDelegate.h */ = {isa = PBXFileReference; lastKnownFileType = sourcecode.c.h; path = AppDelegate.h; sourceTree = "<group>"; };
		5EC1E92C1F06B31B005B291A /* AppDelegate.m */ = {isa = PBXFileReference; lastKnownFileType = sourcecode.c.objc; path = AppDelegate.m; sourceTree = "<group>"; };
		5EC1E9321F06B31B005B291A /* Base */ = {isa = PBXFileReference; lastKnownFileType = file.storyboard; name = Base; path = Base.lproj/Main.storyboard; sourceTree = "<group>"; };
		5EC1E9341F06B31B005B291A /* Assets.xcassets */ = {isa = PBXFileReference; lastKnownFileType = folder.assetcatalog; path = Assets.xcassets; sourceTree = "<group>"; };
		5EC1E9371F06B31B005B291A /* Base */ = {isa = PBXFileReference; lastKnownFileType = file.storyboard; name = Base; path = Base.lproj/LaunchScreen.storyboard; sourceTree = "<group>"; };
		5EC1E9391F06B31B005B291A /* Info.plist */ = {isa = PBXFileReference; lastKnownFileType = text.plist.xml; path = Info.plist; sourceTree = "<group>"; };
		5EC1E93F1F06B354005B291A /* HomeController.h */ = {isa = PBXFileReference; fileEncoding = 4; lastKnownFileType = sourcecode.c.h; path = HomeController.h; sourceTree = "<group>"; };
		5EC1E9401F06B354005B291A /* HomeController.m */ = {isa = PBXFileReference; fileEncoding = 4; lastKnownFileType = sourcecode.c.objc; path = HomeController.m; sourceTree = "<group>"; };
		5EC1E94C1F06DB72005B291A /* VideoCell.h */ = {isa = PBXFileReference; fileEncoding = 4; lastKnownFileType = sourcecode.c.h; path = VideoCell.h; sourceTree = "<group>"; };
		5EC1E94D1F06DB72005B291A /* VideoCell.m */ = {isa = PBXFileReference; fileEncoding = 4; lastKnownFileType = sourcecode.c.objc; path = VideoCell.m; sourceTree = "<group>"; };
		5EC1E94E1F06DB72005B291A /* VideoCell.xib */ = {isa = PBXFileReference; fileEncoding = 4; lastKnownFileType = file.xib; path = VideoCell.xib; sourceTree = "<group>"; };
		5EC1E99C1F09489D005B291A /* Extension-UIColor.h */ = {isa = PBXFileReference; fileEncoding = 4; lastKnownFileType = sourcecode.c.h; path = "Extension-UIColor.h"; sourceTree = "<group>"; };
		5EC1E99D1F09489D005B291A /* Extension-UIColor.m */ = {isa = PBXFileReference; fileEncoding = 4; lastKnownFileType = sourcecode.c.objc; path = "Extension-UIColor.m"; sourceTree = "<group>"; };
		5EC1E9A21F0965DD005B291A /* MenuBar.h */ = {isa = PBXFileReference; fileEncoding = 4; lastKnownFileType = sourcecode.c.h; path = MenuBar.h; sourceTree = "<group>"; };
		5EC1E9A31F0965DD005B291A /* MenuBar.m */ = {isa = PBXFileReference; fileEncoding = 4; lastKnownFileType = sourcecode.c.objc; path = MenuBar.m; sourceTree = "<group>"; };
		5EC1E9AA1F0B0C43005B291A /* MenuCell.h */ = {isa = PBXFileReference; fileEncoding = 4; lastKnownFileType = sourcecode.c.h; path = MenuCell.h; sourceTree = "<group>"; };
		5EC1E9AB1F0B0C43005B291A /* MenuCell.m */ = {isa = PBXFileReference; fileEncoding = 4; lastKnownFileType = sourcecode.c.objc; path = MenuCell.m; sourceTree = "<group>"; };
		5EC1E9AC1F0B0C43005B291A /* MenuCell.xib */ = {isa = PBXFileReference; fileEncoding = 4; lastKnownFileType = file.xib; path = MenuCell.xib; sourceTree = "<group>"; };
		5EC1E9AF1F0D9A38005B291A /* Video.h */ = {isa = PBXFileReference; fileEncoding = 4; lastKnownFileType = sourcecode.c.h; path = Video.h; sourceTree = "<group>"; };
		5EC1E9B01F0D9A39005B291A /* Video.m */ = {isa = PBXFileReference; fileEncoding = 4; lastKnownFileType = sourcecode.c.objc; path = Video.m; sourceTree = "<group>"; };
		5EC1E9B21F0DA7E7005B291A /* Channel.h */ = {isa = PBXFileReference; fileEncoding = 4; lastKnownFileType = sourcecode.c.h; path = Channel.h; sourceTree = "<group>"; };
		5EC1E9B31F0DA7E7005B291A /* Channel.m */ = {isa = PBXFileReference; fileEncoding = 4; lastKnownFileType = sourcecode.c.objc; path = Channel.m; sourceTree = "<group>"; };
		5EC1E9BF1F110DAD005B291A /* SettingsLuncher.h */ = {isa = PBXFileReference; fileEncoding = 4; lastKnownFileType = sourcecode.c.h; path = SettingsLuncher.h; sourceTree = "<group>"; };
		5EC1E9C01F110DAD005B291A /* SettingsLuncher.m */ = {isa = PBXFileReference; fileEncoding = 4; lastKnownFileType = sourcecode.c.objc; path = SettingsLuncher.m; sourceTree = "<group>"; };
		5EC1E9C21F113DD9005B291A /* SettingsCell.h */ = {isa = PBXFileReference; fileEncoding = 4; lastKnownFileType = sourcecode.c.h; path = SettingsCell.h; sourceTree = "<group>"; };
		5EC1E9C31F113DD9005B291A /* SettingsCell.m */ = {isa = PBXFileReference; fileEncoding = 4; lastKnownFileType = sourcecode.c.objc; path = SettingsCell.m; sourceTree = "<group>"; };
		5EC1E9C41F113DD9005B291A /* SettingsCell.xib */ = {isa = PBXFileReference; fileEncoding = 4; lastKnownFileType = file.xib; path = SettingsCell.xib; sourceTree = "<group>"; };
		5EC1E9C71F114197005B291A /* Setting.h */ = {isa = PBXFileReference; fileEncoding = 4; lastKnownFileType = sourcecode.c.h; path = Setting.h; sourceTree = "<group>"; };
		5EC1E9C81F114197005B291A /* Setting.m */ = {isa = PBXFileReference; fileEncoding = 4; lastKnownFileType = sourcecode.c.objc; path = Setting.m; sourceTree = "<group>"; };
/* End PBXFileReference section */

/* Begin PBXFrameworksBuildPhase section */
		5EC1E9221F06B31A005B291A /* Frameworks */ = {
			isa = PBXFrameworksBuildPhase;
			buildActionMask = 2147483647;
			files = (
			);
			runOnlyForDeploymentPostprocessing = 0;
		};
/* End PBXFrameworksBuildPhase section */

/* Begin PBXGroup section */
		5EC1E91C1F06B31A005B291A = {
			isa = PBXGroup;
			children = (
				5EC1E9271F06B31B005B291A /* SimpleYouTube */,
				5EC1E9261F06B31B005B291A /* Products */,
			);
			sourceTree = "<group>";
		};
		5EC1E9261F06B31B005B291A /* Products */ = {
			isa = PBXGroup;
			children = (
				5EC1E9251F06B31B005B291A /* SimpleYouTube.app */,
			);
			name = Products;
			sourceTree = "<group>";
		};
		5EC1E9271F06B31B005B291A /* SimpleYouTube */ = {
			isa = PBXGroup;
			children = (
				5EC1E9A11F096371005B291A /* Models */,
				5EC1E9A01F096364005B291A /* View */,
				5EC1E99F1F09635A005B291A /* Controller */,
				5EC1E9981F09434B005B291A /* Extensions */,
				5EC1E9311F06B31B005B291A /* Main.storyboard */,
				5EC1E9341F06B31B005B291A /* Assets.xcassets */,
				5EC1E9361F06B31B005B291A /* LaunchScreen.storyboard */,
				5EC1E9391F06B31B005B291A /* Info.plist */,
				5EC1E9281F06B31B005B291A /* Supporting Files */,
			);
			path = SimpleYouTube;
			sourceTree = "<group>";
		};
		5EC1E9281F06B31B005B291A /* Supporting Files */ = {
			isa = PBXGroup;
			children = (
				5EC1E9291F06B31B005B291A /* main.m */,
			);
			name = "Supporting Files";
			sourceTree = "<group>";
		};
		5EC1E9981F09434B005B291A /* Extensions */ = {
			isa = PBXGroup;
			children = (
				5EC1E99C1F09489D005B291A /* Extension-UIColor.h */,
				5EC1E99D1F09489D005B291A /* Extension-UIColor.m */,
			);
			name = Extensions;
			sourceTree = "<group>";
		};
		5EC1E99F1F09635A005B291A /* Controller */ = {
			isa = PBXGroup;
			children = (
				5EC1E92B1F06B31B005B291A /* AppDelegate.h */,
				5EC1E92C1F06B31B005B291A /* AppDelegate.m */,
				5EC1E93F1F06B354005B291A /* HomeController.h */,
				5EC1E9401F06B354005B291A /* HomeController.m */,
				5EC1E9BF1F110DAD005B291A /* SettingsLuncher.h */,
				5EC1E9C01F110DAD005B291A /* SettingsLuncher.m */,
			);
			name = Controller;
			sourceTree = "<group>";
		};
		5EC1E9A01F096364005B291A /* View */ = {
			isa = PBXGroup;
			children = (
				5EC1E94C1F06DB72005B291A /* VideoCell.h */,
				5EC1E94D1F06DB72005B291A /* VideoCell.m */,
				5EC1E94E1F06DB72005B291A /* VideoCell.xib */,
				5EC1E9A21F0965DD005B291A /* MenuBar.h */,
				5EC1E9A31F0965DD005B291A /* MenuBar.m */,
				5EC1E9AA1F0B0C43005B291A /* MenuCell.h */,
				5EC1E9AB1F0B0C43005B291A /* MenuCell.m */,
				5EC1E9AC1F0B0C43005B291A /* MenuCell.xib */,
				5EC1E9C21F113DD9005B291A /* SettingsCell.h */,
				5EC1E9C31F113DD9005B291A /* SettingsCell.m */,
				5EC1E9C41F113DD9005B291A /* SettingsCell.xib */,
			);
			name = View;
			sourceTree = "<group>";
		};
		5EC1E9A11F096371005B291A /* Models */ = {
			isa = PBXGroup;
			children = (
				5EC1E9AF1F0D9A38005B291A /* Video.h */,
				5EC1E9B01F0D9A39005B291A /* Video.m */,
				5EC1E9B21F0DA7E7005B291A /* Channel.h */,
				5EC1E9B31F0DA7E7005B291A /* Channel.m */,
				5EC1E9C71F114197005B291A /* Setting.h */,
				5EC1E9C81F114197005B291A /* Setting.m */,
			);
			name = Models;
			sourceTree = "<group>";
		};
/* End PBXGroup section */

/* Begin PBXNativeTarget section */
		5EC1E9241F06B31A005B291A /* SimpleYouTube */ = {
			isa = PBXNativeTarget;
			buildConfigurationList = 5EC1E93C1F06B31B005B291A /* Build configuration list for PBXNativeTarget "SimpleYouTube" */;
			buildPhases = (
				5EC1E9211F06B31A005B291A /* Sources */,
				5EC1E9221F06B31A005B291A /* Frameworks */,
				5EC1E9231F06B31A005B291A /* Resources */,
			);
			buildRules = (
			);
			dependencies = (
			);
			name = SimpleYouTube;
			productName = SimpleYouTube;
			productReference = 5EC1E9251F06B31B005B291A /* SimpleYouTube.app */;
			productType = "com.apple.product-type.application";
		};
/* End PBXNativeTarget section */

/* Begin PBXProject section */
		5EC1E91D1F06B31A005B291A /* Project object */ = {
			isa = PBXProject;
			attributes = {
				LastUpgradeCheck = 0820;
				ORGANIZATIONNAME = "Mohamed Farghal";
				TargetAttributes = {
					5EC1E9241F06B31A005B291A = {
						CreatedOnToolsVersion = 8.2.1;
						ProvisioningStyle = Automatic;
					};
				};
			};
			buildConfigurationList = 5EC1E9201F06B31A005B291A /* Build configuration list for PBXProject "SimpleYouTube" */;
			compatibilityVersion = "Xcode 3.2";
			developmentRegion = English;
			hasScannedForEncodings = 0;
			knownRegions = (
				en,
				Base,
			);
			mainGroup = 5EC1E91C1F06B31A005B291A;
			productRefGroup = 5EC1E9261F06B31B005B291A /* Products */;
			projectDirPath = "";
			projectRoot = "";
			targets = (
				5EC1E9241F06B31A005B291A /* SimpleYouTube */,
			);
		};
/* End PBXProject section */

/* Begin PBXResourcesBuildPhase section */
		5EC1E9231F06B31A005B291A /* Resources */ = {
			isa = PBXResourcesBuildPhase;
			buildActionMask = 2147483647;
			files = (
				5EC1E9C61F113DD9005B291A /* SettingsCell.xib in Resources */,
				5EC1E9381F06B31B005B291A /* LaunchScreen.storyboard in Resources */,
				5EC1E9501F06DB72005B291A /* VideoCell.xib in Resources */,
				5EC1E9AE1F0B0C43005B291A /* MenuCell.xib in Resources */,
				5EC1E9351F06B31B005B291A /* Assets.xcassets in Resources */,
				5EC1E9331F06B31B005B291A /* Main.storyboard in Resources */,
			);
			runOnlyForDeploymentPostprocessing = 0;
		};
/* End PBXResourcesBuildPhase section */

/* Begin PBXSourcesBuildPhase section */
		5EC1E9211F06B31A005B291A /* Sources */ = {
			isa = PBXSourcesBuildPhase;
			buildActionMask = 2147483647;
			files = (
				5EC1E92D1F06B31B005B291A /* AppDelegate.m in Sources */,
				5EC1E9B11F0D9A39005B291A /* Video.m in Sources */,
				5EC1E9C91F114197005B291A /* Setting.m in Sources */,
				5EC1E9AD1F0B0C43005B291A /* MenuCell.m in Sources */,
				5EC1E94F1F06DB72005B291A /* VideoCell.m in Sources */,
				5EC1E9C11F110DAD005B291A /* SettingsLuncher.m in Sources */,
				5EC1E9411F06B354005B291A /* HomeController.m in Sources */,
				5EC1E9C51F113DD9005B291A /* SettingsCell.m in Sources */,
				5EC1E99E1F09489D005B291A /* Extension-UIColor.m in Sources */,
				5EC1E9A41F0965DD005B291A /* MenuBar.m in Sources */,
				5EC1E9B41F0DA7E7005B291A /* Channel.m in Sources */,
				5EC1E92A1F06B31B005B291A /* main.m in Sources */,
			);
			runOnlyForDeploymentPostprocessing = 0;
		};
/* End PBXSourcesBuildPhase section */

/* Begin PBXVariantGroup section */
		5EC1E9311F06B31B005B291A /* Main.storyboard */ = {
			isa = PBXVariantGroup;
			children = (
				5EC1E9321F06B31B005B291A /* Base */,
			);
			name = Main.storyboard;
			sourceTree = "<group>";
		};
		5EC1E9361F06B31B005B291A /* LaunchScreen.storyboard */ = {
			isa = PBXVariantGroup;
			children = (
				5EC1E9371F06B31B005B291A /* Base */,
			);
			name = LaunchScreen.storyboard;
			sourceTree = "<group>";
		};
/* End PBXVariantGroup section */

/* Begin XCBuildConfiguration section */
		5EC1E93A1F06B31B005B291A /* Debug */ = {
			isa = XCBuildConfiguration;
			buildSettings = {
				ALWAYS_SEARCH_USER_PATHS = NO;
				CLANG_ANALYZER_NONNULL = YES;
				CLANG_CXX_LANGUAGE_STANDARD = "gnu++0x";
				CLANG_CXX_LIBRARY = "libc++";
				CLANG_ENABLE_MODULES = YES;
				CLANG_ENABLE_OBJC_ARC = YES;
				CLANG_WARN_BOOL_CONVERSION = YES;
				CLANG_WARN_CONSTANT_CONVERSION = YES;
				CLANG_WARN_DIRECT_OBJC_ISA_USAGE = YES_ERROR;
				CLANG_WARN_DOCUMENTATION_COMMENTS = YES;
				CLANG_WARN_EMPTY_BODY = YES;
				CLANG_WARN_ENUM_CONVERSION = YES;
				CLANG_WARN_INFINITE_RECURSION = YES;
				CLANG_WARN_INT_CONVERSION = YES;
				CLANG_WARN_OBJC_ROOT_CLASS = YES_ERROR;
				CLANG_WARN_SUSPICIOUS_MOVE = YES;
				CLANG_WARN_UNREACHABLE_CODE = YES;
				CLANG_WARN__DUPLICATE_METHOD_MATCH = YES;
				"CODE_SIGN_IDENTITY[sdk=iphoneos*]" = "iPhone Developer";
				COPY_PHASE_STRIP = NO;
				DEBUG_INFORMATION_FORMAT = dwarf;
				ENABLE_STRICT_OBJC_MSGSEND = YES;
				ENABLE_TESTABILITY = YES;
				GCC_C_LANGUAGE_STANDARD = gnu99;
				GCC_DYNAMIC_NO_PIC = NO;
				GCC_NO_COMMON_BLOCKS = YES;
				GCC_OPTIMIZATION_LEVEL = 0;
				GCC_PREPROCESSOR_DEFINITIONS = (
					"DEBUG=1",
					"$(inherited)",
				);
				GCC_WARN_64_TO_32_BIT_CONVERSION = YES;
				GCC_WARN_ABOUT_RETURN_TYPE = YES_ERROR;
				GCC_WARN_UNDECLARED_SELECTOR = YES;
				GCC_WARN_UNINITIALIZED_AUTOS = YES_AGGRESSIVE;
				GCC_WARN_UNUSED_FUNCTION = YES;
				GCC_WARN_UNUSED_VARIABLE = YES;
				IPHONEOS_DEPLOYMENT_TARGET = 10.2;
				MTL_ENABLE_DEBUG_INFO = YES;
				ONLY_ACTIVE_ARCH = YES;
				SDKROOT = iphoneos;
				TARGETED_DEVICE_FAMILY = "1,2";
			};
			name = Debug;
		};
		5EC1E93B1F06B31B005B291A /* Release */ = {
			isa = XCBuildConfiguration;
			buildSettings = {
				ALWAYS_SEARCH_USER_PATHS = NO;
				CLANG_ANALYZER_NONNULL = YES;
				CLANG_CXX_LANGUAGE_STANDARD = "gnu++0x";
				CLANG_CXX_LIBRARY = "libc++";
				CLANG_ENABLE_MODULES = YES;
				CLANG_ENABLE_OBJC_ARC = YES;
				CLANG_WARN_BOOL_CONVERSION = YES;
				CLANG_WARN_CONSTANT_CONVERSION = YES;
				CLANG_WARN_DIRECT_OBJC_ISA_USAGE = YES_ERROR;
				CLANG_WARN_DOCUMENTATION_COMMENTS = YES;
				CLANG_WARN_EMPTY_BODY = YES;
				CLANG_WARN_ENUM_CONVERSION = YES;
				CLANG_WARN_INFINITE_RECURSION = YES;
				CLANG_WARN_INT_CONVERSION = YES;
				CLANG_WARN_OBJC_ROOT_CLASS = YES_ERROR;
				CLANG_WARN_SUSPICIOUS_MOVE = YES;
				CLANG_WARN_UNREACHABLE_CODE = YES;
				CLANG_WARN__DUPLICATE_METHOD_MATCH = YES;
				"CODE_SIGN_IDENTITY[sdk=iphoneos*]" = "iPhone Developer";
				COPY_PHASE_STRIP = NO;
				DEBUG_INFORMATION_FORMAT = "dwarf-with-dsym";
				ENABLE_NS_ASSERTIONS = NO;
				ENABLE_STRICT_OBJC_MSGSEND = YES;
				GCC_C_LANGUAGE_STANDARD = gnu99;
				GCC_NO_COMMON_BLOCKS = YES;
				GCC_WARN_64_TO_32_BIT_CONVERSION = YES;
				GCC_WARN_ABOUT_RETURN_TYPE = YES_ERROR;
				GCC_WARN_UNDECLARED_SELECTOR = YES;
				GCC_WARN_UNINITIALIZED_AUTOS = YES_AGGRESSIVE;
				GCC_WARN_UNUSED_FUNCTION = YES;
				GCC_WARN_UNUSED_VARIABLE = YES;
				IPHONEOS_DEPLOYMENT_TARGET = 10.2;
				MTL_ENABLE_DEBUG_INFO = NO;
				SDKROOT = iphoneos;
				TARGETED_DEVICE_FAMILY = "1,2";
				VALIDATE_PRODUCT = YES;
			};
			name = Release;
		};
		5EC1E93D1F06B31B005B291A /* Debug */ = {
			isa = XCBuildConfiguration;
			buildSettings = {
				ASSETCATALOG_COMPILER_APPICON_NAME = AppIcon;
				INFOPLIST_FILE = SimpleYouTube/Info.plist;
				LD_RUNPATH_SEARCH_PATHS = "$(inherited) @executable_path/Frameworks";
				PRODUCT_BUNDLE_IDENTIFIER = DevX.SimpleYouTube;
				PRODUCT_NAME = "$(TARGET_NAME)";
			};
			name = Debug;
		};
		5EC1E93E1F06B31B005B291A /* Release */ = {
			isa = XCBuildConfiguration;
			buildSettings = {
				ASSETCATALOG_COMPILER_APPICON_NAME = AppIcon;
				INFOPLIST_FILE = SimpleYouTube/Info.plist;
				LD_RUNPATH_SEARCH_PATHS = "$(inherited) @executable_path/Frameworks";
				PRODUCT_BUNDLE_IDENTIFIER = DevX.SimpleYouTube;
				PRODUCT_NAME = "$(TARGET_NAME)";
			};
			name = Release;
		};
/* End XCBuildConfiguration section */

/* Begin XCConfigurationList section */
		5EC1E9201F06B31A005B291A /* Build configuration list for PBXProject "SimpleYouTube" */ = {
			isa = XCConfigurationList;
			buildConfigurations = (
				5EC1E93A1F06B31B005B291A /* Debug */,
				5EC1E93B1F06B31B005B291A /* Release */,
			);
			defaultConfigurationIsVisible = 0;
			defaultConfigurationName = Release;
		};
		5EC1E93C1F06B31B005B291A /* Build configuration list for PBXNativeTarget "SimpleYouTube" */ = {
			isa = XCConfigurationList;
			buildConfigurations = (
				5EC1E93D1F06B31B005B291A /* Debug */,
				5EC1E93E1F06B31B005B291A /* Release */,
			);
			defaultConfigurationIsVisible = 0;
			defaultConfigurationName = Release;
		};
/* End XCConfigurationList section */
	};
	rootObject = 5EC1E91D1F06B31A005B291A /* Project object */;
}
